// !$*UTF8*$!
{
	archiveVersion = 1;
	classes = {
	};
	objectVersion = 50;
	objects = {

/* Begin PBXBuildFile section */
		C34D29B52126A4B500FAFAC3 /* LabradorProxyObject.m in Sources */ = {isa = PBXBuildFile; fileRef = C34D29B42126A4B500FAFAC3 /* LabradorProxyObject.m */; };
		C374405C2121CB1300F3F775 /* LabradorNetworkProvider.m in Sources */ = {isa = PBXBuildFile; fileRef = C374405B2121CB1300F3F775 /* LabradorNetworkProvider.m */; };
		C37440622121CCC000F3F775 /* NSString+Extensions.m in Sources */ = {isa = PBXBuildFile; fileRef = C37440612121CCC000F3F775 /* NSString+Extensions.m */; };
		C374406A2121CEAF00F3F775 /* LabradorTests.m in Sources */ = {isa = PBXBuildFile; fileRef = C37440692121CEAF00F3F775 /* LabradorTests.m */; };
		C37440732121CED900F3F775 /* NSStringExtensionsTests.m in Sources */ = {isa = PBXBuildFile; fileRef = C37440722121CED900F3F775 /* NSStringExtensionsTests.m */; };
		C37440742121CEE500F3F775 /* NSString+Extensions.m in Sources */ = {isa = PBXBuildFile; fileRef = C37440612121CCC000F3F775 /* NSString+Extensions.m */; };
		C3820C45211AC60500EA0BD5 /* LabradorDecoder.m in Sources */ = {isa = PBXBuildFile; fileRef = C3820C44211AC60500EA0BD5 /* LabradorDecoder.m */; };
		C3820C48211ACE9600EA0BD5 /* LabradorLocalProvider.m in Sources */ = {isa = PBXBuildFile; fileRef = C3820C47211ACE9600EA0BD5 /* LabradorLocalProvider.m */; };
		C3820C4B211ACED600EA0BD5 /* t.mp3 in Resources */ = {isa = PBXBuildFile; fileRef = C3820C4A211ACED600EA0BD5 /* t.mp3 */; };
		C3820C52211AFDFA00EA0BD5 /* LabradorInnerPlayer.m in Sources */ = {isa = PBXBuildFile; fileRef = C3820C51211AFDFA00EA0BD5 /* LabradorInnerPlayer.m */; };
		C3820C55211B06CF00EA0BD5 /* LabradorAudioPacket.m in Sources */ = {isa = PBXBuildFile; fileRef = C3820C54211B06CF00EA0BD5 /* LabradorAudioPacket.m */; };
		C3C866F721189551000110A9 /* AppDelegate.m in Sources */ = {isa = PBXBuildFile; fileRef = C3C866F621189551000110A9 /* AppDelegate.m */; };
		C3C866FA21189551000110A9 /* ViewController.m in Sources */ = {isa = PBXBuildFile; fileRef = C3C866F921189551000110A9 /* ViewController.m */; };
		C3C866FD21189551000110A9 /* Main.storyboard in Resources */ = {isa = PBXBuildFile; fileRef = C3C866FB21189551000110A9 /* Main.storyboard */; };
		C3C866FF21189554000110A9 /* Assets.xcassets in Resources */ = {isa = PBXBuildFile; fileRef = C3C866FE21189554000110A9 /* Assets.xcassets */; };
		C3C8670221189554000110A9 /* LaunchScreen.storyboard in Resources */ = {isa = PBXBuildFile; fileRef = C3C8670021189554000110A9 /* LaunchScreen.storyboard */; };
		C3C8670521189554000110A9 /* main.m in Sources */ = {isa = PBXBuildFile; fileRef = C3C8670421189554000110A9 /* main.m */; };
		C3C8670E21189637000110A9 /* LabradorAudioPlayer.m in Sources */ = {isa = PBXBuildFile; fileRef = C3C8670D21189637000110A9 /* LabradorAudioPlayer.m */; };
		C3C867112118967E000110A9 /* LabradorCacheMapping.m in Sources */ = {isa = PBXBuildFile; fileRef = C3C867102118967E000110A9 /* LabradorCacheMapping.m */; };
		C3C8671421189695000110A9 /* LabradorDownloader.m in Sources */ = {isa = PBXBuildFile; fileRef = C3C8671321189695000110A9 /* LabradorDownloader.m */; };
		C3D3222821217C680061A24E /* t2.mp3 in Resources */ = {isa = PBXBuildFile; fileRef = C3D3222721217C680061A24E /* t2.mp3 */; };
/* End PBXBuildFile section */

/* Begin PBXContainerItemProxy section */
		C374406C2121CEAF00F3F775 /* PBXContainerItemProxy */ = {
			isa = PBXContainerItemProxy;
			containerPortal = C3C866EA21189551000110A9 /* Project object */;
			proxyType = 1;
			remoteGlobalIDString = C3C866F121189551000110A9;
			remoteInfo = Labrador;
		};
/* End PBXContainerItemProxy section */

/* Begin PBXFileReference section */
		C34D29B32126A4B500FAFAC3 /* LabradorProxyObject.h */ = {isa = PBXFileReference; lastKnownFileType = sourcecode.c.h; path = LabradorProxyObject.h; sourceTree = "<group>"; };
		C34D29B42126A4B500FAFAC3 /* LabradorProxyObject.m */ = {isa = PBXFileReference; lastKnownFileType = sourcecode.c.objc; path = LabradorProxyObject.m; sourceTree = "<group>"; };
		C36043A621211B8A00EE1629 /* configure.h */ = {isa = PBXFileReference; lastKnownFileType = sourcecode.c.h; path = configure.h; sourceTree = "<group>"; };
		C374405A2121CB1300F3F775 /* LabradorNetworkProvider.h */ = {isa = PBXFileReference; lastKnownFileType = sourcecode.c.h; path = LabradorNetworkProvider.h; sourceTree = "<group>"; };
		C374405B2121CB1300F3F775 /* LabradorNetworkProvider.m */ = {isa = PBXFileReference; lastKnownFileType = sourcecode.c.objc; path = LabradorNetworkProvider.m; sourceTree = "<group>"; };
		C37440602121CCC000F3F775 /* NSString+Extensions.h */ = {isa = PBXFileReference; lastKnownFileType = sourcecode.c.h; path = "NSString+Extensions.h"; sourceTree = "<group>"; };
		C37440612121CCC000F3F775 /* NSString+Extensions.m */ = {isa = PBXFileReference; lastKnownFileType = sourcecode.c.objc; path = "NSString+Extensions.m"; sourceTree = "<group>"; };
		C37440672121CEAE00F3F775 /* LabradorTests.xctest */ = {isa = PBXFileReference; explicitFileType = wrapper.cfbundle; includeInIndex = 0; path = LabradorTests.xctest; sourceTree = BUILT_PRODUCTS_DIR; };
		C37440692121CEAF00F3F775 /* LabradorTests.m */ = {isa = PBXFileReference; lastKnownFileType = sourcecode.c.objc; path = LabradorTests.m; sourceTree = "<group>"; };
		C374406B2121CEAF00F3F775 /* Info.plist */ = {isa = PBXFileReference; lastKnownFileType = text.plist.xml; path = Info.plist; sourceTree = "<group>"; };
		C37440712121CED900F3F775 /* NSStringExtensionsTests.h */ = {isa = PBXFileReference; lastKnownFileType = sourcecode.c.h; path = NSStringExtensionsTests.h; sourceTree = "<group>"; };
		C37440722121CED900F3F775 /* NSStringExtensionsTests.m */ = {isa = PBXFileReference; lastKnownFileType = sourcecode.c.objc; path = NSStringExtensionsTests.m; sourceTree = "<group>"; };
		C3820C41211AC56B00EA0BD5 /* LabradorDecodable.h */ = {isa = PBXFileReference; lastKnownFileType = sourcecode.c.h; path = LabradorDecodable.h; sourceTree = "<group>"; };
		C3820C43211AC60500EA0BD5 /* LabradorDecoder.h */ = {isa = PBXFileReference; lastKnownFileType = sourcecode.c.h; path = LabradorDecoder.h; sourceTree = "<group>"; };
		C3820C44211AC60500EA0BD5 /* LabradorDecoder.m */ = {isa = PBXFileReference; lastKnownFileType = sourcecode.c.objc; path = LabradorDecoder.m; sourceTree = "<group>"; };
		C3820C46211ACE9600EA0BD5 /* LabradorLocalProvider.h */ = {isa = PBXFileReference; lastKnownFileType = sourcecode.c.h; path = LabradorLocalProvider.h; sourceTree = "<group>"; };
		C3820C47211ACE9600EA0BD5 /* LabradorLocalProvider.m */ = {isa = PBXFileReference; lastKnownFileType = sourcecode.c.objc; path = LabradorLocalProvider.m; sourceTree = "<group>"; };
		C3820C4A211ACED600EA0BD5 /* t.mp3 */ = {isa = PBXFileReference; lastKnownFileType = audio.mp3; path = t.mp3; sourceTree = "<group>"; };
		C3820C4C211ACF3400EA0BD5 /* Labrador.h */ = {isa = PBXFileReference; lastKnownFileType = sourcecode.c.h; path = Labrador.h; sourceTree = "<group>"; };
		C3820C4E211AFBC900EA0BD5 /* LabradorDataProvider.h */ = {isa = PBXFileReference; lastKnownFileType = sourcecode.c.h; path = LabradorDataProvider.h; sourceTree = "<group>"; };
		C3820C50211AFDFA00EA0BD5 /* LabradorInnerPlayer.h */ = {isa = PBXFileReference; lastKnownFileType = sourcecode.c.h; path = LabradorInnerPlayer.h; sourceTree = "<group>"; };
		C3820C51211AFDFA00EA0BD5 /* LabradorInnerPlayer.m */ = {isa = PBXFileReference; lastKnownFileType = sourcecode.c.objc; path = LabradorInnerPlayer.m; sourceTree = "<group>"; };
		C3820C53211B06CF00EA0BD5 /* LabradorAudioPacket.h */ = {isa = PBXFileReference; lastKnownFileType = sourcecode.c.h; path = LabradorAudioPacket.h; sourceTree = "<group>"; };
		C3820C54211B06CF00EA0BD5 /* LabradorAudioPacket.m */ = {isa = PBXFileReference; lastKnownFileType = sourcecode.c.objc; path = LabradorAudioPacket.m; sourceTree = "<group>"; };
		C3C866F221189551000110A9 /* Labrador.app */ = {isa = PBXFileReference; explicitFileType = wrapper.application; includeInIndex = 0; path = Labrador.app; sourceTree = BUILT_PRODUCTS_DIR; };
		C3C866F521189551000110A9 /* AppDelegate.h */ = {isa = PBXFileReference; lastKnownFileType = sourcecode.c.h; path = AppDelegate.h; sourceTree = "<group>"; };
		C3C866F621189551000110A9 /* AppDelegate.m */ = {isa = PBXFileReference; lastKnownFileType = sourcecode.c.objc; path = AppDelegate.m; sourceTree = "<group>"; };
		C3C866F821189551000110A9 /* ViewController.h */ = {isa = PBXFileReference; lastKnownFileType = sourcecode.c.h; path = ViewController.h; sourceTree = "<group>"; };
		C3C866F921189551000110A9 /* ViewController.m */ = {isa = PBXFileReference; lastKnownFileType = sourcecode.c.objc; path = ViewController.m; sourceTree = "<group>"; };
		C3C866FC21189551000110A9 /* Base */ = {isa = PBXFileReference; lastKnownFileType = file.storyboard; name = Base; path = Base.lproj/Main.storyboard; sourceTree = "<group>"; };
		C3C866FE21189554000110A9 /* Assets.xcassets */ = {isa = PBXFileReference; lastKnownFileType = folder.assetcatalog; path = Assets.xcassets; sourceTree = "<group>"; };
		C3C8670121189554000110A9 /* Base */ = {isa = PBXFileReference; lastKnownFileType = file.storyboard; name = Base; path = Base.lproj/LaunchScreen.storyboard; sourceTree = "<group>"; };
		C3C8670321189554000110A9 /* Info.plist */ = {isa = PBXFileReference; lastKnownFileType = text.plist.xml; path = Info.plist; sourceTree = "<group>"; };
		C3C8670421189554000110A9 /* main.m */ = {isa = PBXFileReference; lastKnownFileType = sourcecode.c.objc; path = main.m; sourceTree = "<group>"; };
		C3C8670C21189637000110A9 /* LabradorAudioPlayer.h */ = {isa = PBXFileReference; lastKnownFileType = sourcecode.c.h; path = LabradorAudioPlayer.h; sourceTree = "<group>"; };
		C3C8670D21189637000110A9 /* LabradorAudioPlayer.m */ = {isa = PBXFileReference; lastKnownFileType = sourcecode.c.objc; path = LabradorAudioPlayer.m; sourceTree = "<group>"; };
		C3C8670F2118967E000110A9 /* LabradorCacheMapping.h */ = {isa = PBXFileReference; lastKnownFileType = sourcecode.c.h; path = LabradorCacheMapping.h; sourceTree = "<group>"; };
		C3C867102118967E000110A9 /* LabradorCacheMapping.m */ = {isa = PBXFileReference; lastKnownFileType = sourcecode.c.objc; path = LabradorCacheMapping.m; sourceTree = "<group>"; };
		C3C8671221189695000110A9 /* LabradorDownloader.h */ = {isa = PBXFileReference; lastKnownFileType = sourcecode.c.h; path = LabradorDownloader.h; sourceTree = "<group>"; };
		C3C8671321189695000110A9 /* LabradorDownloader.m */ = {isa = PBXFileReference; lastKnownFileType = sourcecode.c.objc; path = LabradorDownloader.m; sourceTree = "<group>"; };
		C3D3222721217C680061A24E /* t2.mp3 */ = {isa = PBXFileReference; lastKnownFileType = audio.mp3; path = t2.mp3; sourceTree = "<group>"; };
/* End PBXFileReference section */

/* Begin PBXFrameworksBuildPhase section */
		C37440642121CEAE00F3F775 /* Frameworks */ = {
			isa = PBXFrameworksBuildPhase;
			buildActionMask = 2147483647;
			files = (
			);
			runOnlyForDeploymentPostprocessing = 0;
		};
		C3C866EF21189551000110A9 /* Frameworks */ = {
			isa = PBXFrameworksBuildPhase;
			buildActionMask = 2147483647;
			files = (
			);
			runOnlyForDeploymentPostprocessing = 0;
		};
/* End PBXFrameworksBuildPhase section */

/* Begin PBXGroup section */
		C374405D2121CB2900F3F775 /* network */ = {
			isa = PBXGroup;
			children = (
				C38D8DA52125496E0047F8E6 /* downloader */,
				C3C8670F2118967E000110A9 /* LabradorCacheMapping.h */,
				C3C867102118967E000110A9 /* LabradorCacheMapping.m */,
				C374405A2121CB1300F3F775 /* LabradorNetworkProvider.h */,
				C374405B2121CB1300F3F775 /* LabradorNetworkProvider.m */,
			);
			path = network;
			sourceTree = "<group>";
		};
		C374405E2121CB5700F3F775 /* local */ = {
			isa = PBXGroup;
			children = (
				C3820C46211ACE9600EA0BD5 /* LabradorLocalProvider.h */,
				C3820C47211ACE9600EA0BD5 /* LabradorLocalProvider.m */,
			);
			path = local;
			sourceTree = "<group>";
		};
		C374405F2121CBFE00F3F775 /* utilitys */ = {
			isa = PBXGroup;
			children = (
				C37440602121CCC000F3F775 /* NSString+Extensions.h */,
				C37440612121CCC000F3F775 /* NSString+Extensions.m */,
				C34D29B32126A4B500FAFAC3 /* LabradorProxyObject.h */,
				C34D29B42126A4B500FAFAC3 /* LabradorProxyObject.m */,
			);
			path = utilitys;
			sourceTree = "<group>";
		};
		C37440682121CEAF00F3F775 /* LabradorTests */ = {
			isa = PBXGroup;
			children = (
				C37440692121CEAF00F3F775 /* LabradorTests.m */,
				C374406B2121CEAF00F3F775 /* Info.plist */,
				C37440712121CED900F3F775 /* NSStringExtensionsTests.h */,
				C37440722121CED900F3F775 /* NSStringExtensionsTests.m */,
			);
			path = LabradorTests;
			sourceTree = "<group>";
		};
		C3820C42211AC5D500EA0BD5 /* decode */ = {
			isa = PBXGroup;
			children = (
				C374405E2121CB5700F3F775 /* local */,
				C374405D2121CB2900F3F775 /* network */,
				C3820C43211AC60500EA0BD5 /* LabradorDecoder.h */,
				C3820C44211AC60500EA0BD5 /* LabradorDecoder.m */,
			);
			path = decode;
			sourceTree = "<group>";
		};
		C3820C49211ACEC900EA0BD5 /* resources */ = {
			isa = PBXGroup;
			children = (
				C3D3222721217C680061A24E /* t2.mp3 */,
				C3820C4A211ACED600EA0BD5 /* t.mp3 */,
			);
			path = resources;
			sourceTree = "<group>";
		};
		C3820C4D211AFBB400EA0BD5 /* protocol */ = {
			isa = PBXGroup;
			children = (
				C3820C41211AC56B00EA0BD5 /* LabradorDecodable.h */,
				C3820C4E211AFBC900EA0BD5 /* LabradorDataProvider.h */,
			);
			path = protocol;
			sourceTree = "<group>";
		};
		C3820C4F211AFD5E00EA0BD5 /* inner_player */ = {
			isa = PBXGroup;
			children = (
				C3820C50211AFDFA00EA0BD5 /* LabradorInnerPlayer.h */,
				C3820C51211AFDFA00EA0BD5 /* LabradorInnerPlayer.m */,
				C3820C53211B06CF00EA0BD5 /* LabradorAudioPacket.h */,
				C3820C54211B06CF00EA0BD5 /* LabradorAudioPacket.m */,
			);
			path = inner_player;
			sourceTree = "<group>";
		};
		C38D8DA52125496E0047F8E6 /* downloader */ = {
			isa = PBXGroup;
			children = (
				C3C8671221189695000110A9 /* LabradorDownloader.h */,
				C3C8671321189695000110A9 /* LabradorDownloader.m */,
			);
			path = downloader;
			sourceTree = "<group>";
		};
		C3C866E921189551000110A9 = {
			isa = PBXGroup;
			children = (
				C3C866F421189551000110A9 /* Labrador */,
				C37440682121CEAF00F3F775 /* LabradorTests */,
				C3C866F321189551000110A9 /* Products */,
			);
			sourceTree = "<group>";
		};
		C3C866F321189551000110A9 /* Products */ = {
			isa = PBXGroup;
			children = (
				C3C866F221189551000110A9 /* Labrador.app */,
				C37440672121CEAE00F3F775 /* LabradorTests.xctest */,
			);
			name = Products;
			sourceTree = "<group>";
		};
		C3C866F421189551000110A9 /* Labrador */ = {
			isa = PBXGroup;
			children = (
				C3820C49211ACEC900EA0BD5 /* resources */,
				C3C8670B21189580000110A9 /* classes */,
				C3C866F521189551000110A9 /* AppDelegate.h */,
				C3C866F621189551000110A9 /* AppDelegate.m */,
				C3C866F821189551000110A9 /* ViewController.h */,
				C3C866F921189551000110A9 /* ViewController.m */,
				C3C866FB21189551000110A9 /* Main.storyboard */,
				C3C866FE21189554000110A9 /* Assets.xcassets */,
				C3C8670021189554000110A9 /* LaunchScreen.storyboard */,
				C3C8670321189554000110A9 /* Info.plist */,
				C3C8670421189554000110A9 /* main.m */,
			);
			path = Labrador;
			sourceTree = "<group>";
		};
		C3C8670B21189580000110A9 /* classes */ = {
			isa = PBXGroup;
			children = (
				C374405F2121CBFE00F3F775 /* utilitys */,
				C3820C4F211AFD5E00EA0BD5 /* inner_player */,
				C3820C4D211AFBB400EA0BD5 /* protocol */,
				C3820C42211AC5D500EA0BD5 /* decode */,
				C3C8670C21189637000110A9 /* LabradorAudioPlayer.h */,
				C3C8670D21189637000110A9 /* LabradorAudioPlayer.m */,
				C3820C4C211ACF3400EA0BD5 /* Labrador.h */,
				C36043A621211B8A00EE1629 /* configure.h */,
			);
			path = classes;
			sourceTree = "<group>";
		};
/* End PBXGroup section */

/* Begin PBXNativeTarget section */
		C37440662121CEAE00F3F775 /* LabradorTests */ = {
			isa = PBXNativeTarget;
			buildConfigurationList = C374406E2121CEAF00F3F775 /* Build configuration list for PBXNativeTarget "LabradorTests" */;
			buildPhases = (
				C37440632121CEAE00F3F775 /* Sources */,
				C37440642121CEAE00F3F775 /* Frameworks */,
				C37440652121CEAE00F3F775 /* Resources */,
			);
			buildRules = (
			);
			dependencies = (
				C374406D2121CEAF00F3F775 /* PBXTargetDependency */,
			);
			name = LabradorTests;
			productName = LabradorTests;
			productReference = C37440672121CEAE00F3F775 /* LabradorTests.xctest */;
			productType = "com.apple.product-type.bundle.unit-test";
		};
		C3C866F121189551000110A9 /* Labrador */ = {
			isa = PBXNativeTarget;
			buildConfigurationList = C3C8670821189554000110A9 /* Build configuration list for PBXNativeTarget "Labrador" */;
			buildPhases = (
				C3C866EE21189551000110A9 /* Sources */,
				C3C866EF21189551000110A9 /* Frameworks */,
				C3C866F021189551000110A9 /* Resources */,
			);
			buildRules = (
			);
			dependencies = (
			);
			name = Labrador;
			productName = Labrador;
			productReference = C3C866F221189551000110A9 /* Labrador.app */;
			productType = "com.apple.product-type.application";
		};
/* End PBXNativeTarget section */

/* Begin PBXProject section */
		C3C866EA21189551000110A9 /* Project object */ = {
			isa = PBXProject;
			attributes = {
				LastUpgradeCheck = 1000;
				ORGANIZATIONNAME = legendry;
				TargetAttributes = {
					C37440662121CEAE00F3F775 = {
						CreatedOnToolsVersion = 10.0;
						TestTargetID = C3C866F121189551000110A9;
					};
					C3C866F121189551000110A9 = {
						CreatedOnToolsVersion = 10.0;
					};
				};
			};
			buildConfigurationList = C3C866ED21189551000110A9 /* Build configuration list for PBXProject "Labrador" */;
			compatibilityVersion = "Xcode 9.3";
			developmentRegion = en;
			hasScannedForEncodings = 0;
			knownRegions = (
				en,
				Base,
			);
			mainGroup = C3C866E921189551000110A9;
			productRefGroup = C3C866F321189551000110A9 /* Products */;
			projectDirPath = "";
			projectRoot = "";
			targets = (
				C3C866F121189551000110A9 /* Labrador */,
				C37440662121CEAE00F3F775 /* LabradorTests */,
			);
		};
/* End PBXProject section */

/* Begin PBXResourcesBuildPhase section */
		C37440652121CEAE00F3F775 /* Resources */ = {
			isa = PBXResourcesBuildPhase;
			buildActionMask = 2147483647;
			files = (
			);
			runOnlyForDeploymentPostprocessing = 0;
		};
		C3C866F021189551000110A9 /* Resources */ = {
			isa = PBXResourcesBuildPhase;
			buildActionMask = 2147483647;
			files = (
				C3D3222821217C680061A24E /* t2.mp3 in Resources */,
				C3C8670221189554000110A9 /* LaunchScreen.storyboard in Resources */,
				C3C866FF21189554000110A9 /* Assets.xcassets in Resources */,
				C3C866FD21189551000110A9 /* Main.storyboard in Resources */,
				C3820C4B211ACED600EA0BD5 /* t.mp3 in Resources */,
			);
			runOnlyForDeploymentPostprocessing = 0;
		};
/* End PBXResourcesBuildPhase section */

/* Begin PBXSourcesBuildPhase section */
		C37440632121CEAE00F3F775 /* Sources */ = {
			isa = PBXSourcesBuildPhase;
			buildActionMask = 2147483647;
			files = (
				C37440742121CEE500F3F775 /* NSString+Extensions.m in Sources */,
				C374406A2121CEAF00F3F775 /* LabradorTests.m in Sources */,
				C37440732121CED900F3F775 /* NSStringExtensionsTests.m in Sources */,
			);
			runOnlyForDeploymentPostprocessing = 0;
		};
		C3C866EE21189551000110A9 /* Sources */ = {
			isa = PBXSourcesBuildPhase;
			buildActionMask = 2147483647;
			files = (
				C3C866FA21189551000110A9 /* ViewController.m in Sources */,
				C34D29B52126A4B500FAFAC3 /* LabradorProxyObject.m in Sources */,
				C3C867112118967E000110A9 /* LabradorCacheMapping.m in Sources */,
				C3C8670E21189637000110A9 /* LabradorAudioPlayer.m in Sources */,
				C37440622121CCC000F3F775 /* NSString+Extensions.m in Sources */,
				C374405C2121CB1300F3F775 /* LabradorNetworkProvider.m in Sources */,
				C3C8670521189554000110A9 /* main.m in Sources */,
				C3C8671421189695000110A9 /* LabradorDownloader.m in Sources */,
				C3820C55211B06CF00EA0BD5 /* LabradorAudioPacket.m in Sources */,
				C3820C52211AFDFA00EA0BD5 /* LabradorInnerPlayer.m in Sources */,
				C3820C48211ACE9600EA0BD5 /* LabradorLocalProvider.m in Sources */,
				C3C866F721189551000110A9 /* AppDelegate.m in Sources */,
				C3820C45211AC60500EA0BD5 /* LabradorDecoder.m in Sources */,
			);
			runOnlyForDeploymentPostprocessing = 0;
		};
/* End PBXSourcesBuildPhase section */

/* Begin PBXTargetDependency section */
		C374406D2121CEAF00F3F775 /* PBXTargetDependency */ = {
			isa = PBXTargetDependency;
			target = C3C866F121189551000110A9 /* Labrador */;
			targetProxy = C374406C2121CEAF00F3F775 /* PBXContainerItemProxy */;
		};
/* End PBXTargetDependency section */

/* Begin PBXVariantGroup section */
		C3C866FB21189551000110A9 /* Main.storyboard */ = {
			isa = PBXVariantGroup;
			children = (
				C3C866FC21189551000110A9 /* Base */,
			);
			name = Main.storyboard;
			sourceTree = "<group>";
		};
		C3C8670021189554000110A9 /* LaunchScreen.storyboard */ = {
			isa = PBXVariantGroup;
			children = (
				C3C8670121189554000110A9 /* Base */,
			);
			name = LaunchScreen.storyboard;
			sourceTree = "<group>";
		};
/* End PBXVariantGroup section */

/* Begin XCBuildConfiguration section */
		C374406F2121CEAF00F3F775 /* Debug */ = {
			isa = XCBuildConfiguration;
			buildSettings = {
				BUNDLE_LOADER = "$(TEST_HOST)";
				CODE_SIGN_STYLE = Automatic;
				INFOPLIST_FILE = LabradorTests/Info.plist;
				LD_RUNPATH_SEARCH_PATHS = (
					"$(inherited)",
					"@executable_path/Frameworks",
					"@loader_path/Frameworks",
				);
				PRODUCT_BUNDLE_IDENTIFIER = com.czqasn.Labrador.LabradorTests;
				PRODUCT_NAME = "$(TARGET_NAME)";
				TARGETED_DEVICE_FAMILY = "1,2";
				TEST_HOST = "$(BUILT_PRODUCTS_DIR)/Labrador.app/Labrador";
			};
			name = Debug;
		};
		C37440702121CEAF00F3F775 /* Release */ = {
			isa = XCBuildConfiguration;
			buildSettings = {
				BUNDLE_LOADER = "$(TEST_HOST)";
				CODE_SIGN_STYLE = Automatic;
				INFOPLIST_FILE = LabradorTests/Info.plist;
				LD_RUNPATH_SEARCH_PATHS = (
					"$(inherited)",
					"@executable_path/Frameworks",
					"@loader_path/Frameworks",
				);
				PRODUCT_BUNDLE_IDENTIFIER = com.czqasn.Labrador.LabradorTests;
				PRODUCT_NAME = "$(TARGET_NAME)";
				TARGETED_DEVICE_FAMILY = "1,2";
				TEST_HOST = "$(BUILT_PRODUCTS_DIR)/Labrador.app/Labrador";
			};
			name = Release;
		};
		C3C8670621189554000110A9 /* Debug */ = {
			isa = XCBuildConfiguration;
			buildSettings = {
				ALWAYS_SEARCH_USER_PATHS = NO;
				CLANG_ANALYZER_NONNULL = YES;
				CLANG_ANALYZER_NUMBER_OBJECT_CONVERSION = YES_AGGRESSIVE;
				CLANG_CXX_LANGUAGE_STANDARD = "gnu++14";
				CLANG_CXX_LIBRARY = "libc++";
				CLANG_ENABLE_MODULES = YES;
				CLANG_ENABLE_OBJC_ARC = YES;
				CLANG_ENABLE_OBJC_WEAK = YES;
				CLANG_WARN_BLOCK_CAPTURE_AUTORELEASING = YES;
				CLANG_WARN_BOOL_CONVERSION = YES;
				CLANG_WARN_COMMA = YES;
				CLANG_WARN_CONSTANT_CONVERSION = YES;
				CLANG_WARN_DEPRECATED_OBJC_IMPLEMENTATIONS = YES;
				CLANG_WARN_DIRECT_OBJC_ISA_USAGE = YES_ERROR;
				CLANG_WARN_DOCUMENTATION_COMMENTS = YES;
				CLANG_WARN_EMPTY_BODY = YES;
				CLANG_WARN_ENUM_CONVERSION = YES;
				CLANG_WARN_INFINITE_RECURSION = YES;
				CLANG_WARN_INT_CONVERSION = YES;
				CLANG_WARN_NON_LITERAL_NULL_CONVERSION = YES;
				CLANG_WARN_OBJC_IMPLICIT_RETAIN_SELF = YES;
				CLANG_WARN_OBJC_LITERAL_CONVERSION = YES;
				CLANG_WARN_OBJC_ROOT_CLASS = YES_ERROR;
				CLANG_WARN_RANGE_LOOP_ANALYSIS = YES;
				CLANG_WARN_STRICT_PROTOTYPES = YES;
				CLANG_WARN_SUSPICIOUS_MOVE = YES;
				CLANG_WARN_UNGUARDED_AVAILABILITY = YES_AGGRESSIVE;
				CLANG_WARN_UNREACHABLE_CODE = YES;
				CLANG_WARN__DUPLICATE_METHOD_MATCH = YES;
				CODE_SIGN_IDENTITY = "iPhone Developer";
				COPY_PHASE_STRIP = NO;
				DEBUG_INFORMATION_FORMAT = dwarf;
				ENABLE_STRICT_OBJC_MSGSEND = YES;
				ENABLE_TESTABILITY = YES;
				GCC_C_LANGUAGE_STANDARD = gnu11;
				GCC_DYNAMIC_NO_PIC = NO;
				GCC_NO_COMMON_BLOCKS = YES;
				GCC_OPTIMIZATION_LEVEL = 0;
				GCC_PREPROCESSOR_DEFINITIONS = (
					"DEBUG=1",
					"$(inherited)",
				);
				GCC_WARN_64_TO_32_BIT_CONVERSION = YES;
				GCC_WARN_ABOUT_RETURN_TYPE = YES_ERROR;
				GCC_WARN_UNDECLARED_SELECTOR = YES;
				GCC_WARN_UNINITIALIZED_AUTOS = YES_AGGRESSIVE;
				GCC_WARN_UNUSED_FUNCTION = YES;
				GCC_WARN_UNUSED_VARIABLE = YES;
				IPHONEOS_DEPLOYMENT_TARGET = 12.0;
				MTL_ENABLE_DEBUG_INFO = INCLUDE_SOURCE;
				ONLY_ACTIVE_ARCH = YES;
				SDKROOT = iphoneos;
			};
			name = Debug;
		};
		C3C8670721189554000110A9 /* Release */ = {
			isa = XCBuildConfiguration;
			buildSettings = {
				ALWAYS_SEARCH_USER_PATHS = NO;
				CLANG_ANALYZER_NONNULL = YES;
				CLANG_ANALYZER_NUMBER_OBJECT_CONVERSION = YES_AGGRESSIVE;
				CLANG_CXX_LANGUAGE_STANDARD = "gnu++14";
				CLANG_CXX_LIBRARY = "libc++";
				CLANG_ENABLE_MODULES = YES;
				CLANG_ENABLE_OBJC_ARC = YES;
				CLANG_ENABLE_OBJC_WEAK = YES;
				CLANG_WARN_BLOCK_CAPTURE_AUTORELEASING = YES;
				CLANG_WARN_BOOL_CONVERSION = YES;
				CLANG_WARN_COMMA = YES;
				CLANG_WARN_CONSTANT_CONVERSION = YES;
				CLANG_WARN_DEPRECATED_OBJC_IMPLEMENTATIONS = YES;
				CLANG_WARN_DIRECT_OBJC_ISA_USAGE = YES_ERROR;
				CLANG_WARN_DOCUMENTATION_COMMENTS = YES;
				CLANG_WARN_EMPTY_BODY = YES;
				CLANG_WARN_ENUM_CONVERSION = YES;
				CLANG_WARN_INFINITE_RECURSION = YES;
				CLANG_WARN_INT_CONVERSION = YES;
				CLANG_WARN_NON_LITERAL_NULL_CONVERSION = YES;
				CLANG_WARN_OBJC_IMPLICIT_RETAIN_SELF = YES;
				CLANG_WARN_OBJC_LITERAL_CONVERSION = YES;
				CLANG_WARN_OBJC_ROOT_CLASS = YES_ERROR;
				CLANG_WARN_RANGE_LOOP_ANALYSIS = YES;
				CLANG_WARN_STRICT_PROTOTYPES = YES;
				CLANG_WARN_SUSPICIOUS_MOVE = YES;
				CLANG_WARN_UNGUARDED_AVAILABILITY = YES_AGGRESSIVE;
				CLANG_WARN_UNREACHABLE_CODE = YES;
				CLANG_WARN__DUPLICATE_METHOD_MATCH = YES;
				CODE_SIGN_IDENTITY = "iPhone Developer";
				COPY_PHASE_STRIP = NO;
				DEBUG_INFORMATION_FORMAT = "dwarf-with-dsym";
				ENABLE_NS_ASSERTIONS = NO;
				ENABLE_STRICT_OBJC_MSGSEND = YES;
				GCC_C_LANGUAGE_STANDARD = gnu11;
				GCC_NO_COMMON_BLOCKS = YES;
				GCC_WARN_64_TO_32_BIT_CONVERSION = YES;
				GCC_WARN_ABOUT_RETURN_TYPE = YES_ERROR;
				GCC_WARN_UNDECLARED_SELECTOR = YES;
				GCC_WARN_UNINITIALIZED_AUTOS = YES_AGGRESSIVE;
				GCC_WARN_UNUSED_FUNCTION = YES;
				GCC_WARN_UNUSED_VARIABLE = YES;
				IPHONEOS_DEPLOYMENT_TARGET = 12.0;
				MTL_ENABLE_DEBUG_INFO = NO;
				SDKROOT = iphoneos;
				VALIDATE_PRODUCT = YES;
			};
			name = Release;
		};
		C3C8670921189554000110A9 /* Debug */ = {
			isa = XCBuildConfiguration;
			buildSettings = {
				ASSETCATALOG_COMPILER_APPICON_NAME = AppIcon;
				CODE_SIGN_STYLE = Automatic;
				INFOPLIST_FILE = Labrador/Info.plist;
				IPHONEOS_DEPLOYMENT_TARGET = 9.0;
				LD_RUNPATH_SEARCH_PATHS = (
					"$(inherited)",
					"@executable_path/Frameworks",
				);
				PRODUCT_BUNDLE_IDENTIFIER = com.czqasn.Labrador.Labrador;
				PRODUCT_NAME = "$(TARGET_NAME)";
				TARGETED_DEVICE_FAMILY = "1,2";
			};
			name = Debug;
		};
		C3C8670A21189554000110A9 /* Release */ = {
			isa = XCBuildConfiguration;
			buildSettings = {
				ASSETCATALOG_COMPILER_APPICON_NAME = AppIcon;
				CODE_SIGN_STYLE = Automatic;
				INFOPLIST_FILE = Labrador/Info.plist;
				IPHONEOS_DEPLOYMENT_TARGET = 9.0;
				LD_RUNPATH_SEARCH_PATHS = (
					"$(inherited)",
					"@executable_path/Frameworks",
				);
				PRODUCT_BUNDLE_IDENTIFIER = com.czqasn.Labrador.Labrador;
				PRODUCT_NAME = "$(TARGET_NAME)";
				TARGETED_DEVICE_FAMILY = "1,2";
			};
			name = Release;
		};
/* End XCBuildConfiguration section */

/* Begin XCConfigurationList section */
		C374406E2121CEAF00F3F775 /* Build configuration list for PBXNativeTarget "LabradorTests" */ = {
			isa = XCConfigurationList;
			buildConfigurations = (
				C374406F2121CEAF00F3F775 /* Debug */,
				C37440702121CEAF00F3F775 /* Release */,
			);
			defaultConfigurationIsVisible = 0;
			defaultConfigurationName = Release;
		};
		C3C866ED21189551000110A9 /* Build configuration list for PBXProject "Labrador" */ = {
			isa = XCConfigurationList;
			buildConfigurations = (
				C3C8670621189554000110A9 /* Debug */,
				C3C8670721189554000110A9 /* Release */,
			);
			defaultConfigurationIsVisible = 0;
			defaultConfigurationName = Release;
		};
		C3C8670821189554000110A9 /* Build configuration list for PBXNativeTarget "Labrador" */ = {
			isa = XCConfigurationList;
			buildConfigurations = (
				C3C8670921189554000110A9 /* Debug */,
				C3C8670A21189554000110A9 /* Release */,
			);
			defaultConfigurationIsVisible = 0;
			defaultConfigurationName = Release;
		};
/* End XCConfigurationList section */
	};
	rootObject = C3C866EA21189551000110A9 /* Project object */;
}
